
Microsoft Visual Studio Solution File, Format Version 12.00
# Visual Studio 15
VisualStudioVersion = 15.0.28307.902
MinimumVisualStudioVersion = 10.0.40219.1
Project("{FAE04EC0-301F-11D3-BF4B-00C04F79EFBC}") = "WebApiDemo", "WebApiDemo\WebApiDemo.csproj", "{253BDEE7-A950-4767-947C-3122A7D60FF7}"
EndProject
Global
	GlobalSection(SolutionConfigurationPlatforms) = preSolution
		Debug|Any CPU = Debug|Any CPU
		Release|Any CPU = Release|Any CPU
	EndGlobalSection
	GlobalSection(ProjectConfigurationPlatforms) = postSolution
		{253BDEE7-A950-4767-947C-3122A7D60FF7}.Debug|Any CPU.ActiveCfg = Debug|Any CPU
		{253BDEE7-A950-4767-947C-3122A7D60FF7}.Debug|Any CPU.Build.0 = Debug|Any CPU
		{253BDEE7-A950-4767-947C-3122A7D60FF7}.Release|Any CPU.ActiveCfg = Release|Any CPU
		{253BDEE7-A950-4767-947C-3122A7D60FF7}.Release|Any CPU.Build.0 = Release|Any CPU
	EndGlobalSection
	GlobalSection(SolutionProperties) = preSolution
		HideSolutionNode = FALSE
	EndGlobalSection
	GlobalSection(ExtensibilityGlobals) = postSolution
		SolutionGuid = {4CD03C5A-AFB6-4EDF-A4D3-6F44BECEC476}
	EndGlobalSection
EndGlobal
